{
  "name": "zblog-wxa",
  "lockfileVersion": 2,
  "requires": true,
  "packages": {
    "": {
      "dependencies": {
        "mp-html": "^2.1.4"
      }
    },
    "node_modules/mp-html": {
      "version": "2.1.4",
      "resolved": "https://registry.npmjs.org/mp-html/-/mp-html-2.1.4.tgz",
      "integrity": "sha512-uW9keXRFlB62VkFBQT2pqGO0jGVZPQQny/CszSf9pJQV5mYnkb6IEvzQOjVhwI6SYVJt9qNsSvrrRXBVCN/+4w=="
    }
  },
  "dependencies": {
    "mp-html": {
      "version": "2.1.4",
      "resolved": "https://registry.npmjs.org/mp-html/-/mp-html-2.1.4.tgz",
      "integrity": "sha512-uW9keXRFlB62VkFBQT2pqGO0jGVZPQQny/CszSf9pJQV5mYnkb6IEvzQOjVhwI6SYVJt9qNsSvrrRXBVCN/+4w=="
    }
  }
}
